
Microsoft Visual Studio Solution File, Format Version 12.00
# Visual Studio Version 17
VisualStudioVersion = 17.14.36518.9 d17.14
MinimumVisualStudioVersion = 10.0.40219.1
Project("{FAE04EC0-301F-11D3-BF4B-00C04F79EFBC}") = "CapaDatos", "CapaDatos\CapaDatos.csproj", "{2E291F9D-F176-4590-A56D-3796C8923F38}"
EndProject
Project("{FAE04EC0-301F-11D3-BF4B-00C04F79EFBC}") = "CapaEntidad", "CapaEntidad\CapaEntidad.csproj", "{77A61021-8A5E-4ADC-A001-7406AA1AF0D5}"
EndProject
Project("{FAE04EC0-301F-11D3-BF4B-00C04F79EFBC}") = "CapaNegocio", "CapaNegocio\CapaNegocio.csproj", "{15A6FCEA-31D2-4BD6-ACA5-3CF461A128F1}"
EndProject
Project("{FAE04EC0-301F-11D3-BF4B-00C04F79EFBC}") = "CapaPresentacion", "CapaPresentacion\CapaPresentacion.csproj", "{1ACDA839-8E54-4F88-BB7D-4307E22EDDD2}"
EndProject
Global
	GlobalSection(SolutionConfigurationPlatforms) = preSolution
		Debug|Any CPU = Debug|Any CPU
		Release|Any CPU = Release|Any CPU
	EndGlobalSection
	GlobalSection(ProjectConfigurationPlatforms) = postSolution
		{2E291F9D-F176-4590-A56D-3796C8923F38}.Debug|Any CPU.ActiveCfg = Debug|Any CPU
		{2E291F9D-F176-4590-A56D-3796C8923F38}.Debug|Any CPU.Build.0 = Debug|Any CPU
		{2E291F9D-F176-4590-A56D-3796C8923F38}.Release|Any CPU.ActiveCfg = Release|Any CPU
		{2E291F9D-F176-4590-A56D-3796C8923F38}.Release|Any CPU.Build.0 = Release|Any CPU
		{77A61021-8A5E-4ADC-A001-7406AA1AF0D5}.Debug|Any CPU.ActiveCfg = Debug|Any CPU
		{77A61021-8A5E-4ADC-A001-7406AA1AF0D5}.Debug|Any CPU.Build.0 = Debug|Any CPU
		{77A61021-8A5E-4ADC-A001-7406AA1AF0D5}.Release|Any CPU.ActiveCfg = Release|Any CPU
		{77A61021-8A5E-4ADC-A001-7406AA1AF0D5}.Release|Any CPU.Build.0 = Release|Any CPU
		{15A6FCEA-31D2-4BD6-ACA5-3CF461A128F1}.Debug|Any CPU.ActiveCfg = Debug|Any CPU
		{15A6FCEA-31D2-4BD6-ACA5-3CF461A128F1}.Debug|Any CPU.Build.0 = Debug|Any CPU
		{15A6FCEA-31D2-4BD6-ACA5-3CF461A128F1}.Release|Any CPU.ActiveCfg = Release|Any CPU
		{15A6FCEA-31D2-4BD6-ACA5-3CF461A128F1}.Release|Any CPU.Build.0 = Release|Any CPU
		{1ACDA839-8E54-4F88-BB7D-4307E22EDDD2}.Debug|Any CPU.ActiveCfg = Debug|Any CPU
		{1ACDA839-8E54-4F88-BB7D-4307E22EDDD2}.Debug|Any CPU.Build.0 = Debug|Any CPU
		{1ACDA839-8E54-4F88-BB7D-4307E22EDDD2}.Release|Any CPU.ActiveCfg = Release|Any CPU
		{1ACDA839-8E54-4F88-BB7D-4307E22EDDD2}.Release|Any CPU.Build.0 = Release|Any CPU
	EndGlobalSection
	GlobalSection(SolutionProperties) = preSolution
		HideSolutionNode = FALSE
	EndGlobalSection
	GlobalSection(ExtensibilityGlobals) = postSolution
		SolutionGuid = {08249665-0323-482F-9E3A-EF64D550643D}
	EndGlobalSection
EndGlobal
